github.com/cenkalti/backoff/v5 v5.0.2 h1:rIfFVxEf1QsI7E1ZHfp/B4DF/6QBAUhmgkxc0H7Zss8=
github.com/cenkalti/backoff/v5 v5.0.2/go.mod h1:rkhZdG3JZukswDf7f0cwqPNk4K0sa+F97BxZthm/crw=
github.com/gammazero/deque v0.0.0-20200721202602-07291166fe33 h1:UG4wNrJX9xSKnm/Gck5yTbxnOhpNleuE4MQRdmcGySo=
github.com/gammazero/deque v0.0.0-20200721202602-07291166fe33/go.mod h1:D90+MBHVc9Sk1lJAbEVgws0eYEurY4mv2TDso3Nxh3w=
github.com/gammazero/workerpool v1.1.1 h1:MN29GcZtZZAgzTU+Zk54Y+J9XkE54MoXON/NCZvNulo=
github.com/gammazero/workerpool v1.1.1/go.mod h1:5BN0IJVRjSFAypo9QTJCaWdijjNz9Jjl6VFS1PRjCeg=
